// !$*UTF8*$!
{
	archiveVersion = 1;
	classes = {
	};
	objectVersion = 50;
	objects = {

/* Begin PBXBuildFile section */
		7386FFDE6040968C3434762B /* Pods_InstagramCloneUITests.framework in Frameworks */ = {isa = PBXBuildFile; fileRef = 49848B9242C83E47D76FBFF3 /* Pods_InstagramCloneUITests.framework */; };
		9E6A01FB16A980682BB31447 /* Pods_InstagramClone.framework in Frameworks */ = {isa = PBXBuildFile; fileRef = 73EB686666E252E086EA136B /* Pods_InstagramClone.framework */; };
		CA6444D25A993855BAA63FE7 /* Pods_InstagramCloneTests.framework in Frameworks */ = {isa = PBXBuildFile; fileRef = DB29845CEBEC9FA94BF52346 /* Pods_InstagramCloneTests.framework */; };
		CC1673C920E13F0700667B3D /* MainTabBarController.swift in Sources */ = {isa = PBXBuildFile; fileRef = CC1673C820E13F0700667B3D /* MainTabBarController.swift */; };
		CC1673CB20E1407D00667B3D /* UserProfileController.swift in Sources */ = {isa = PBXBuildFile; fileRef = CC1673CA20E1407D00667B3D /* UserProfileController.swift */; };
		CC590BBC20EB74F6002F6058 /* UserProfileHeader.swift in Sources */ = {isa = PBXBuildFile; fileRef = CC590BBB20EB74F6002F6058 /* UserProfileHeader.swift */; };
		CCA2474420DD01030007B0A1 /* AppDelegate.swift in Sources */ = {isa = PBXBuildFile; fileRef = CCA2474320DD01030007B0A1 /* AppDelegate.swift */; };
		CCA2474620DD01030007B0A1 /* ViewController.swift in Sources */ = {isa = PBXBuildFile; fileRef = CCA2474520DD01030007B0A1 /* ViewController.swift */; };
		CCA2474920DD01030007B0A1 /* Main.storyboard in Resources */ = {isa = PBXBuildFile; fileRef = CCA2474720DD01030007B0A1 /* Main.storyboard */; };
		CCA2474B20DD01050007B0A1 /* Assets.xcassets in Resources */ = {isa = PBXBuildFile; fileRef = CCA2474A20DD01050007B0A1 /* Assets.xcassets */; };
		CCA2474E20DD01050007B0A1 /* LaunchScreen.storyboard in Resources */ = {isa = PBXBuildFile; fileRef = CCA2474C20DD01050007B0A1 /* LaunchScreen.storyboard */; };
		CCA2475920DD01050007B0A1 /* InstagramCloneTests.swift in Sources */ = {isa = PBXBuildFile; fileRef = CCA2475820DD01050007B0A1 /* InstagramCloneTests.swift */; };
		CCA2476420DD01050007B0A1 /* InstagramCloneUITests.swift in Sources */ = {isa = PBXBuildFile; fileRef = CCA2476320DD01050007B0A1 /* InstagramCloneUITests.swift */; };
		CCA2477320DD1E810007B0A1 /* Extensions.swift in Sources */ = {isa = PBXBuildFile; fileRef = CCA2477220DD1E810007B0A1 /* Extensions.swift */; };
		CCA2477520DD2AE70007B0A1 /* GoogleService-Info.plist in Resources */ = {isa = PBXBuildFile; fileRef = CCA2477420DD2AE70007B0A1 /* GoogleService-Info.plist */; };
/* End PBXBuildFile section */

/* Begin PBXContainerItemProxy section */
		CCA2475520DD01050007B0A1 /* PBXContainerItemProxy */ = {
			isa = PBXContainerItemProxy;
			containerPortal = CCA2473820DD01030007B0A1 /* Project object */;
			proxyType = 1;
			remoteGlobalIDString = CCA2473F20DD01030007B0A1;
			remoteInfo = InstagramClone;
		};
		CCA2476020DD01050007B0A1 /* PBXContainerItemProxy */ = {
			isa = PBXContainerItemProxy;
			containerPortal = CCA2473820DD01030007B0A1 /* Project object */;
			proxyType = 1;
			remoteGlobalIDString = CCA2473F20DD01030007B0A1;
			remoteInfo = InstagramClone;
		};
/* End PBXContainerItemProxy section */

/* Begin PBXFileReference section */
		1952D0EA7DA2F9D62AB530B3 /* Pods-InstagramCloneTests.debug.xcconfig */ = {isa = PBXFileReference; includeInIndex = 1; lastKnownFileType = text.xcconfig; name = "Pods-InstagramCloneTests.debug.xcconfig"; path = "Pods/Target Support Files/Pods-InstagramCloneTests/Pods-InstagramCloneTests.debug.xcconfig"; sourceTree = "<group>"; };
		1C4D546604300C65692DFC91 /* Pods-InstagramCloneUITests.debug.xcconfig */ = {isa = PBXFileReference; includeInIndex = 1; lastKnownFileType = text.xcconfig; name = "Pods-InstagramCloneUITests.debug.xcconfig"; path = "Pods/Target Support Files/Pods-InstagramCloneUITests/Pods-InstagramCloneUITests.debug.xcconfig"; sourceTree = "<group>"; };
		49848B9242C83E47D76FBFF3 /* Pods_InstagramCloneUITests.framework */ = {isa = PBXFileReference; explicitFileType = wrapper.framework; includeInIndex = 0; path = Pods_InstagramCloneUITests.framework; sourceTree = BUILT_PRODUCTS_DIR; };
		69B5DB813F259E7192CACD88 /* Pods-InstagramCloneUITests.release.xcconfig */ = {isa = PBXFileReference; includeInIndex = 1; lastKnownFileType = text.xcconfig; name = "Pods-InstagramCloneUITests.release.xcconfig"; path = "Pods/Target Support Files/Pods-InstagramCloneUITests/Pods-InstagramCloneUITests.release.xcconfig"; sourceTree = "<group>"; };
		73EB686666E252E086EA136B /* Pods_InstagramClone.framework */ = {isa = PBXFileReference; explicitFileType = wrapper.framework; includeInIndex = 0; path = Pods_InstagramClone.framework; sourceTree = BUILT_PRODUCTS_DIR; };
		91CCA2D612F08BA8AAF17832 /* Pods-InstagramCloneTests.release.xcconfig */ = {isa = PBXFileReference; includeInIndex = 1; lastKnownFileType = text.xcconfig; name = "Pods-InstagramCloneTests.release.xcconfig"; path = "Pods/Target Support Files/Pods-InstagramCloneTests/Pods-InstagramCloneTests.release.xcconfig"; sourceTree = "<group>"; };
		AC125711B01E90EE7D05DBCB /* Pods-InstagramClone.release.xcconfig */ = {isa = PBXFileReference; includeInIndex = 1; lastKnownFileType = text.xcconfig; name = "Pods-InstagramClone.release.xcconfig"; path = "Pods/Target Support Files/Pods-InstagramClone/Pods-InstagramClone.release.xcconfig"; sourceTree = "<group>"; };
		CBA80100EF05504A72449249 /* Pods-InstagramClone.debug.xcconfig */ = {isa = PBXFileReference; includeInIndex = 1; lastKnownFileType = text.xcconfig; name = "Pods-InstagramClone.debug.xcconfig"; path = "Pods/Target Support Files/Pods-InstagramClone/Pods-InstagramClone.debug.xcconfig"; sourceTree = "<group>"; };
		CC1673C820E13F0700667B3D /* MainTabBarController.swift */ = {isa = PBXFileReference; lastKnownFileType = sourcecode.swift; path = MainTabBarController.swift; sourceTree = "<group>"; };
		CC1673CA20E1407D00667B3D /* UserProfileController.swift */ = {isa = PBXFileReference; lastKnownFileType = sourcecode.swift; path = UserProfileController.swift; sourceTree = "<group>"; };
		CC590BBB20EB74F6002F6058 /* UserProfileHeader.swift */ = {isa = PBXFileReference; lastKnownFileType = sourcecode.swift; path = UserProfileHeader.swift; sourceTree = "<group>"; };
		CCA2474020DD01030007B0A1 /* InstagramClone.app */ = {isa = PBXFileReference; explicitFileType = wrapper.application; includeInIndex = 0; path = InstagramClone.app; sourceTree = BUILT_PRODUCTS_DIR; };
		CCA2474320DD01030007B0A1 /* AppDelegate.swift */ = {isa = PBXFileReference; lastKnownFileType = sourcecode.swift; path = AppDelegate.swift; sourceTree = "<group>"; };
		CCA2474520DD01030007B0A1 /* ViewController.swift */ = {isa = PBXFileReference; lastKnownFileType = sourcecode.swift; path = ViewController.swift; sourceTree = "<group>"; };
		CCA2474820DD01030007B0A1 /* Base */ = {isa = PBXFileReference; lastKnownFileType = file.storyboard; name = Base; path = Base.lproj/Main.storyboard; sourceTree = "<group>"; };
		CCA2474A20DD01050007B0A1 /* Assets.xcassets */ = {isa = PBXFileReference; lastKnownFileType = folder.assetcatalog; path = Assets.xcassets; sourceTree = "<group>"; };
		CCA2474D20DD01050007B0A1 /* Base */ = {isa = PBXFileReference; lastKnownFileType = file.storyboard; name = Base; path = Base.lproj/LaunchScreen.storyboard; sourceTree = "<group>"; };
		CCA2474F20DD01050007B0A1 /* Info.plist */ = {isa = PBXFileReference; lastKnownFileType = text.plist.xml; path = Info.plist; sourceTree = "<group>"; };
		CCA2475420DD01050007B0A1 /* InstagramCloneTests.xctest */ = {isa = PBXFileReference; explicitFileType = wrapper.cfbundle; includeInIndex = 0; path = InstagramCloneTests.xctest; sourceTree = BUILT_PRODUCTS_DIR; };
		CCA2475820DD01050007B0A1 /* InstagramCloneTests.swift */ = {isa = PBXFileReference; lastKnownFileType = sourcecode.swift; path = InstagramCloneTests.swift; sourceTree = "<group>"; };
		CCA2475A20DD01050007B0A1 /* Info.plist */ = {isa = PBXFileReference; lastKnownFileType = text.plist.xml; path = Info.plist; sourceTree = "<group>"; };
		CCA2475F20DD01050007B0A1 /* InstagramCloneUITests.xctest */ = {isa = PBXFileReference; explicitFileType = wrapper.cfbundle; includeInIndex = 0; path = InstagramCloneUITests.xctest; sourceTree = BUILT_PRODUCTS_DIR; };
		CCA2476320DD01050007B0A1 /* InstagramCloneUITests.swift */ = {isa = PBXFileReference; lastKnownFileType = sourcecode.swift; path = InstagramCloneUITests.swift; sourceTree = "<group>"; };
		CCA2476520DD01050007B0A1 /* Info.plist */ = {isa = PBXFileReference; lastKnownFileType = text.plist.xml; path = Info.plist; sourceTree = "<group>"; };
		CCA2477220DD1E810007B0A1 /* Extensions.swift */ = {isa = PBXFileReference; lastKnownFileType = sourcecode.swift; path = Extensions.swift; sourceTree = "<group>"; };
		CCA2477420DD2AE70007B0A1 /* GoogleService-Info.plist */ = {isa = PBXFileReference; fileEncoding = 4; lastKnownFileType = text.plist.xml; path = "GoogleService-Info.plist"; sourceTree = "<group>"; };
		DB29845CEBEC9FA94BF52346 /* Pods_InstagramCloneTests.framework */ = {isa = PBXFileReference; explicitFileType = wrapper.framework; includeInIndex = 0; path = Pods_InstagramCloneTests.framework; sourceTree = BUILT_PRODUCTS_DIR; };
/* End PBXFileReference section */

/* Begin PBXFrameworksBuildPhase section */
		CCA2473D20DD01030007B0A1 /* Frameworks */ = {
			isa = PBXFrameworksBuildPhase;
			buildActionMask = 2147483647;
			files = (
				9E6A01FB16A980682BB31447 /* Pods_InstagramClone.framework in Frameworks */,
			);
			runOnlyForDeploymentPostprocessing = 0;
		};
		CCA2475120DD01050007B0A1 /* Frameworks */ = {
			isa = PBXFrameworksBuildPhase;
			buildActionMask = 2147483647;
			files = (
				CA6444D25A993855BAA63FE7 /* Pods_InstagramCloneTests.framework in Frameworks */,
			);
			runOnlyForDeploymentPostprocessing = 0;
		};
		CCA2475C20DD01050007B0A1 /* Frameworks */ = {
			isa = PBXFrameworksBuildPhase;
			buildActionMask = 2147483647;
			files = (
				7386FFDE6040968C3434762B /* Pods_InstagramCloneUITests.framework in Frameworks */,
			);
			runOnlyForDeploymentPostprocessing = 0;
		};
/* End PBXFrameworksBuildPhase section */

/* Begin PBXGroup section */
		B6F954834F255EB2087A0290 /* Pods */ = {
			isa = PBXGroup;
			children = (
				CBA80100EF05504A72449249 /* Pods-InstagramClone.debug.xcconfig */,
				AC125711B01E90EE7D05DBCB /* Pods-InstagramClone.release.xcconfig */,
				1952D0EA7DA2F9D62AB530B3 /* Pods-InstagramCloneTests.debug.xcconfig */,
				91CCA2D612F08BA8AAF17832 /* Pods-InstagramCloneTests.release.xcconfig */,
				1C4D546604300C65692DFC91 /* Pods-InstagramCloneUITests.debug.xcconfig */,
				69B5DB813F259E7192CACD88 /* Pods-InstagramCloneUITests.release.xcconfig */,
			);
			name = Pods;
			sourceTree = "<group>";
		};
		CC590BBA20EB74E7002F6058 /* UserProfile */ = {
			isa = PBXGroup;
			children = (
				CC1673CA20E1407D00667B3D /* UserProfileController.swift */,
				CC590BBB20EB74F6002F6058 /* UserProfileHeader.swift */,
			);
			path = UserProfile;
			sourceTree = "<group>";
		};
		CCA2473720DD01030007B0A1 = {
			isa = PBXGroup;
			children = (
				CCA2474220DD01030007B0A1 /* InstagramClone */,
				CCA2475720DD01050007B0A1 /* InstagramCloneTests */,
				CCA2476220DD01050007B0A1 /* InstagramCloneUITests */,
				CCA2474120DD01030007B0A1 /* Products */,
				B6F954834F255EB2087A0290 /* Pods */,
				D60EB21E46D3510E18201CE8 /* Frameworks */,
			);
			sourceTree = "<group>";
		};
		CCA2474120DD01030007B0A1 /* Products */ = {
			isa = PBXGroup;
			children = (
				CCA2474020DD01030007B0A1 /* InstagramClone.app */,
				CCA2475420DD01050007B0A1 /* InstagramCloneTests.xctest */,
				CCA2475F20DD01050007B0A1 /* InstagramCloneUITests.xctest */,
			);
			name = Products;
			sourceTree = "<group>";
		};
		CCA2474220DD01030007B0A1 /* InstagramClone */ = {
			isa = PBXGroup;
			children = (
				CC590BBA20EB74E7002F6058 /* UserProfile */,
				CCA2477120DD1E740007B0A1 /* Utils */,
				CCA2474320DD01030007B0A1 /* AppDelegate.swift */,
				CC1673C820E13F0700667B3D /* MainTabBarController.swift */,
				CCA2474520DD01030007B0A1 /* ViewController.swift */,
				CCA2474720DD01030007B0A1 /* Main.storyboard */,
				CCA2474A20DD01050007B0A1 /* Assets.xcassets */,
				CCA2474C20DD01050007B0A1 /* LaunchScreen.storyboard */,
				CCA2474F20DD01050007B0A1 /* Info.plist */,
				CCA2477420DD2AE70007B0A1 /* GoogleService-Info.plist */,
			);
			path = InstagramClone;
			sourceTree = "<group>";
		};
		CCA2475720DD01050007B0A1 /* InstagramCloneTests */ = {
			isa = PBXGroup;
			children = (
				CCA2475820DD01050007B0A1 /* InstagramCloneTests.swift */,
				CCA2475A20DD01050007B0A1 /* Info.plist */,
			);
			path = InstagramCloneTests;
			sourceTree = "<group>";
		};
		CCA2476220DD01050007B0A1 /* InstagramCloneUITests */ = {
			isa = PBXGroup;
			children = (
				CCA2476320DD01050007B0A1 /* InstagramCloneUITests.swift */,
				CCA2476520DD01050007B0A1 /* Info.plist */,
			);
			path = InstagramCloneUITests;
			sourceTree = "<group>";
		};
		CCA2477120DD1E740007B0A1 /* Utils */ = {
			isa = PBXGroup;
			children = (
				CCA2477220DD1E810007B0A1 /* Extensions.swift */,
			);
			path = Utils;
			sourceTree = "<group>";
		};
		D60EB21E46D3510E18201CE8 /* Frameworks */ = {
			isa = PBXGroup;
			children = (
				73EB686666E252E086EA136B /* Pods_InstagramClone.framework */,
				DB29845CEBEC9FA94BF52346 /* Pods_InstagramCloneTests.framework */,
				49848B9242C83E47D76FBFF3 /* Pods_InstagramCloneUITests.framework */,
			);
			name = Frameworks;
			sourceTree = "<group>";
		};
/* End PBXGroup section */

/* Begin PBXNativeTarget section */
		CCA2473F20DD01030007B0A1 /* InstagramClone */ = {
			isa = PBXNativeTarget;
			buildConfigurationList = CCA2476820DD01050007B0A1 /* Build configuration list for PBXNativeTarget "InstagramClone" */;
			buildPhases = (
				08A75EF86248BCDC0E348942 /* [CP] Check Pods Manifest.lock */,
				CCA2473C20DD01030007B0A1 /* Sources */,
				CCA2473D20DD01030007B0A1 /* Frameworks */,
				CCA2473E20DD01030007B0A1 /* Resources */,
				22F2FF16D53C8C680362604E /* [CP] Embed Pods Frameworks */,
			);
			buildRules = (
			);
			dependencies = (
			);
			name = InstagramClone;
			productName = InstagramClone;
			productReference = CCA2474020DD01030007B0A1 /* InstagramClone.app */;
			productType = "com.apple.product-type.application";
		};
		CCA2475320DD01050007B0A1 /* InstagramCloneTests */ = {
			isa = PBXNativeTarget;
			buildConfigurationList = CCA2476B20DD01050007B0A1 /* Build configuration list for PBXNativeTarget "InstagramCloneTests" */;
			buildPhases = (
				36B3EAC6792B9F15C8DA3562 /* [CP] Check Pods Manifest.lock */,
				CCA2475020DD01050007B0A1 /* Sources */,
				CCA2475120DD01050007B0A1 /* Frameworks */,
				CCA2475220DD01050007B0A1 /* Resources */,
			);
			buildRules = (
			);
			dependencies = (
				CCA2475620DD01050007B0A1 /* PBXTargetDependency */,
			);
			name = InstagramCloneTests;
			productName = InstagramCloneTests;
			productReference = CCA2475420DD01050007B0A1 /* InstagramCloneTests.xctest */;
			productType = "com.apple.product-type.bundle.unit-test";
		};
		CCA2475E20DD01050007B0A1 /* InstagramCloneUITests */ = {
			isa = PBXNativeTarget;
			buildConfigurationList = CCA2476E20DD01050007B0A1 /* Build configuration list for PBXNativeTarget "InstagramCloneUITests" */;
			buildPhases = (
				DAA466788B5232B1867BC1B4 /* [CP] Check Pods Manifest.lock */,
				CCA2475B20DD01050007B0A1 /* Sources */,
				CCA2475C20DD01050007B0A1 /* Frameworks */,
				CCA2475D20DD01050007B0A1 /* Resources */,
			);
			buildRules = (
			);
			dependencies = (
				CCA2476120DD01050007B0A1 /* PBXTargetDependency */,
			);
			name = InstagramCloneUITests;
			productName = InstagramCloneUITests;
			productReference = CCA2475F20DD01050007B0A1 /* InstagramCloneUITests.xctest */;
			productType = "com.apple.product-type.bundle.ui-testing";
		};
/* End PBXNativeTarget section */

/* Begin PBXProject section */
		CCA2473820DD01030007B0A1 /* Project object */ = {
			isa = PBXProject;
			attributes = {
				LastSwiftUpdateCheck = 0940;
				LastUpgradeCheck = 0940;
				ORGANIZATIONNAME = "magnus holm";
				TargetAttributes = {
					CCA2473F20DD01030007B0A1 = {
						CreatedOnToolsVersion = 9.4;
					};
					CCA2475320DD01050007B0A1 = {
						CreatedOnToolsVersion = 9.4;
						TestTargetID = CCA2473F20DD01030007B0A1;
					};
					CCA2475E20DD01050007B0A1 = {
						CreatedOnToolsVersion = 9.4;
						TestTargetID = CCA2473F20DD01030007B0A1;
					};
				};
			};
			buildConfigurationList = CCA2473B20DD01030007B0A1 /* Build configuration list for PBXProject "InstagramClone" */;
			compatibilityVersion = "Xcode 9.3";
			developmentRegion = en;
			hasScannedForEncodings = 0;
			knownRegions = (
				en,
				Base,
			);
			mainGroup = CCA2473720DD01030007B0A1;
			productRefGroup = CCA2474120DD01030007B0A1 /* Products */;
			projectDirPath = "";
			projectRoot = "";
			targets = (
				CCA2473F20DD01030007B0A1 /* InstagramClone */,
				CCA2475320DD01050007B0A1 /* InstagramCloneTests */,
				CCA2475E20DD01050007B0A1 /* InstagramCloneUITests */,
			);
		};
/* End PBXProject section */

/* Begin PBXResourcesBuildPhase section */
		CCA2473E20DD01030007B0A1 /* Resources */ = {
			isa = PBXResourcesBuildPhase;
			buildActionMask = 2147483647;
			files = (
				CCA2474E20DD01050007B0A1 /* LaunchScreen.storyboard in Resources */,
				CCA2477520DD2AE70007B0A1 /* GoogleService-Info.plist in Resources */,
				CCA2474B20DD01050007B0A1 /* Assets.xcassets in Resources */,
				CCA2474920DD01030007B0A1 /* Main.storyboard in Resources */,
			);
			runOnlyForDeploymentPostprocessing = 0;
		};
		CCA2475220DD01050007B0A1 /* Resources */ = {
			isa = PBXResourcesBuildPhase;
			buildActionMask = 2147483647;
			files = (
			);
			runOnlyForDeploymentPostprocessing = 0;
		};
		CCA2475D20DD01050007B0A1 /* Resources */ = {
			isa = PBXResourcesBuildPhase;
			buildActionMask = 2147483647;
			files = (
			);
			runOnlyForDeploymentPostprocessing = 0;
		};
/* End PBXResourcesBuildPhase section */

/* Begin PBXShellScriptBuildPhase section */
		08A75EF86248BCDC0E348942 /* [CP] Check Pods Manifest.lock */ = {
			isa = PBXShellScriptBuildPhase;
			buildActionMask = 2147483647;
			files = (
			);
			inputPaths = (
				"${PODS_PODFILE_DIR_PATH}/Podfile.lock",
				"${PODS_ROOT}/Manifest.lock",
			);
			name = "[CP] Check Pods Manifest.lock";
			outputPaths = (
				"$(DERIVED_FILE_DIR)/Pods-InstagramClone-checkManifestLockResult.txt",
			);
			runOnlyForDeploymentPostprocessing = 0;
			shellPath = /bin/sh;
			shellScript = "diff \"${PODS_PODFILE_DIR_PATH}/Podfile.lock\" \"${PODS_ROOT}/Manifest.lock\" > /dev/null\nif [ $? != 0 ] ; then\n    # print error to STDERR\n    echo \"error: The sandbox is not in sync with the Podfile.lock. Run 'pod install' or update your CocoaPods installation.\" >&2\n    exit 1\nfi\n# This output is used by Xcode 'outputs' to avoid re-running this script phase.\necho \"SUCCESS\" > \"${SCRIPT_OUTPUT_FILE_0}\"\n";
			showEnvVarsInLog = 0;
		};
		22F2FF16D53C8C680362604E /* [CP] Embed Pods Frameworks */ = {
			isa = PBXShellScriptBuildPhase;
			buildActionMask = 2147483647;
			files = (
			);
			inputPaths = (
				"${SRCROOT}/Pods/Target Support Files/Pods-InstagramClone/Pods-InstagramClone-frameworks.sh",
				"${BUILT_PRODUCTS_DIR}/GTMSessionFetcher/GTMSessionFetcher.framework",
				"${BUILT_PRODUCTS_DIR}/GoogleToolboxForMac/GoogleToolboxForMac.framework",
				"${BUILT_PRODUCTS_DIR}/leveldb-library/leveldb.framework",
				"${BUILT_PRODUCTS_DIR}/nanopb/nanopb.framework",
			);
			name = "[CP] Embed Pods Frameworks";
			outputPaths = (
				"${TARGET_BUILD_DIR}/${FRAMEWORKS_FOLDER_PATH}/GTMSessionFetcher.framework",
				"${TARGET_BUILD_DIR}/${FRAMEWORKS_FOLDER_PATH}/GoogleToolboxForMac.framework",
				"${TARGET_BUILD_DIR}/${FRAMEWORKS_FOLDER_PATH}/leveldb.framework",
				"${TARGET_BUILD_DIR}/${FRAMEWORKS_FOLDER_PATH}/nanopb.framework",
			);
			runOnlyForDeploymentPostprocessing = 0;
			shellPath = /bin/sh;
			shellScript = "\"${SRCROOT}/Pods/Target Support Files/Pods-InstagramClone/Pods-InstagramClone-frameworks.sh\"\n";
			showEnvVarsInLog = 0;
		};
		36B3EAC6792B9F15C8DA3562 /* [CP] Check Pods Manifest.lock */ = {
			isa = PBXShellScriptBuildPhase;
			buildActionMask = 2147483647;
			files = (
			);
			inputPaths = (
				"${PODS_PODFILE_DIR_PATH}/Podfile.lock",
				"${PODS_ROOT}/Manifest.lock",
			);
			name = "[CP] Check Pods Manifest.lock";
			outputPaths = (
				"$(DERIVED_FILE_DIR)/Pods-InstagramCloneTests-checkManifestLockResult.txt",
			);
			runOnlyForDeploymentPostprocessing = 0;
			shellPath = /bin/sh;
			shellScript = "diff \"${PODS_PODFILE_DIR_PATH}/Podfile.lock\" \"${PODS_ROOT}/Manifest.lock\" > /dev/null\nif [ $? != 0 ] ; then\n    # print error to STDERR\n    echo \"error: The sandbox is not in sync with the Podfile.lock. Run 'pod install' or update your CocoaPods installation.\" >&2\n    exit 1\nfi\n# This output is used by Xcode 'outputs' to avoid re-running this script phase.\necho \"SUCCESS\" > \"${SCRIPT_OUTPUT_FILE_0}\"\n";
			showEnvVarsInLog = 0;
		};
		DAA466788B5232B1867BC1B4 /* [CP] Check Pods Manifest.lock */ = {
			isa = PBXShellScriptBuildPhase;
			buildActionMask = 2147483647;
			files = (
			);
			inputPaths = (
				"${PODS_PODFILE_DIR_PATH}/Podfile.lock",
				"${PODS_ROOT}/Manifest.lock",
			);
			name = "[CP] Check Pods Manifest.lock";
			outputPaths = (
				"$(DERIVED_FILE_DIR)/Pods-InstagramCloneUITests-checkManifestLockResult.txt",
			);
			runOnlyForDeploymentPostprocessing = 0;
			shellPath = /bin/sh;
			shellScript = "diff \"${PODS_PODFILE_DIR_PATH}/Podfile.lock\" \"${PODS_ROOT}/Manifest.lock\" > /dev/null\nif [ $? != 0 ] ; then\n    # print error to STDERR\n    echo \"error: The sandbox is not in sync with the Podfile.lock. Run 'pod install' or update your CocoaPods installation.\" >&2\n    exit 1\nfi\n# This output is used by Xcode 'outputs' to avoid re-running this script phase.\necho \"SUCCESS\" > \"${SCRIPT_OUTPUT_FILE_0}\"\n";
			showEnvVarsInLog = 0;
		};
/* End PBXShellScriptBuildPhase section */

/* Begin PBXSourcesBuildPhase section */
		CCA2473C20DD01030007B0A1 /* Sources */ = {
			isa = PBXSourcesBuildPhase;
			buildActionMask = 2147483647;
			files = (
				CCA2474620DD01030007B0A1 /* ViewController.swift in Sources */,
				CCA2477320DD1E810007B0A1 /* Extensions.swift in Sources */,
				CC1673C920E13F0700667B3D /* MainTabBarController.swift in Sources */,
				CC590BBC20EB74F6002F6058 /* UserProfileHeader.swift in Sources */,
				CC1673CB20E1407D00667B3D /* UserProfileController.swift in Sources */,
				CCA2474420DD01030007B0A1 /* AppDelegate.swift in Sources */,
			);
			runOnlyForDeploymentPostprocessing = 0;
		};
		CCA2475020DD01050007B0A1 /* Sources */ = {
			isa = PBXSourcesBuildPhase;
			buildActionMask = 2147483647;
			files = (
				CCA2475920DD01050007B0A1 /* InstagramCloneTests.swift in Sources */,
			);
			runOnlyForDeploymentPostprocessing = 0;
		};
		CCA2475B20DD01050007B0A1 /* Sources */ = {
			isa = PBXSourcesBuildPhase;
			buildActionMask = 2147483647;
			files = (
				CCA2476420DD01050007B0A1 /* InstagramCloneUITests.swift in Sources */,
			);
			runOnlyForDeploymentPostprocessing = 0;
		};
/* End PBXSourcesBuildPhase section */

/* Begin PBXTargetDependency section */
		CCA2475620DD01050007B0A1 /* PBXTargetDependency */ = {
			isa = PBXTargetDependency;
			target = CCA2473F20DD01030007B0A1 /* InstagramClone */;
			targetProxy = CCA2475520DD01050007B0A1 /* PBXContainerItemProxy */;
		};
		CCA2476120DD01050007B0A1 /* PBXTargetDependency */ = {
			isa = PBXTargetDependency;
			target = CCA2473F20DD01030007B0A1 /* InstagramClone */;
			targetProxy = CCA2476020DD01050007B0A1 /* PBXContainerItemProxy */;
		};
/* End PBXTargetDependency section */

/* Begin PBXVariantGroup section */
		CCA2474720DD01030007B0A1 /* Main.storyboard */ = {
			isa = PBXVariantGroup;
			children = (
				CCA2474820DD01030007B0A1 /* Base */,
			);
			name = Main.storyboard;
			sourceTree = "<group>";
		};
		CCA2474C20DD01050007B0A1 /* LaunchScreen.storyboard */ = {
			isa = PBXVariantGroup;
			children = (
				CCA2474D20DD01050007B0A1 /* Base */,
			);
			name = LaunchScreen.storyboard;
			sourceTree = "<group>";
		};
/* End PBXVariantGroup section */

/* Begin XCBuildConfiguration section */
		CCA2476620DD01050007B0A1 /* Debug */ = {
			isa = XCBuildConfiguration;
			buildSettings = {
				ALWAYS_SEARCH_USER_PATHS = NO;
				CLANG_ANALYZER_NONNULL = YES;
				CLANG_ANALYZER_NUMBER_OBJECT_CONVERSION = YES_AGGRESSIVE;
				CLANG_CXX_LANGUAGE_STANDARD = "gnu++14";
				CLANG_CXX_LIBRARY = "libc++";
				CLANG_ENABLE_MODULES = YES;
				CLANG_ENABLE_OBJC_ARC = YES;
				CLANG_ENABLE_OBJC_WEAK = YES;
				CLANG_WARN_BLOCK_CAPTURE_AUTORELEASING = YES;
				CLANG_WARN_BOOL_CONVERSION = YES;
				CLANG_WARN_COMMA = YES;
				CLANG_WARN_CONSTANT_CONVERSION = YES;
				CLANG_WARN_DEPRECATED_OBJC_IMPLEMENTATIONS = YES;
				CLANG_WARN_DIRECT_OBJC_ISA_USAGE = YES_ERROR;
				CLANG_WARN_DOCUMENTATION_COMMENTS = YES;
				CLANG_WARN_EMPTY_BODY = YES;
				CLANG_WARN_ENUM_CONVERSION = YES;
				CLANG_WARN_INFINITE_RECURSION = YES;
				CLANG_WARN_INT_CONVERSION = YES;
				CLANG_WARN_NON_LITERAL_NULL_CONVERSION = YES;
				CLANG_WARN_OBJC_IMPLICIT_RETAIN_SELF = YES;
				CLANG_WARN_OBJC_LITERAL_CONVERSION = YES;
				CLANG_WARN_OBJC_ROOT_CLASS = YES_ERROR;
				CLANG_WARN_RANGE_LOOP_ANALYSIS = YES;
				CLANG_WARN_STRICT_PROTOTYPES = YES;
				CLANG_WARN_SUSPICIOUS_MOVE = YES;
				CLANG_WARN_UNGUARDED_AVAILABILITY = YES_AGGRESSIVE;
				CLANG_WARN_UNREACHABLE_CODE = YES;
				CLANG_WARN__DUPLICATE_METHOD_MATCH = YES;
				CODE_SIGN_IDENTITY = "iPhone Developer";
				COPY_PHASE_STRIP = NO;
				DEBUG_INFORMATION_FORMAT = dwarf;
				ENABLE_STRICT_OBJC_MSGSEND = YES;
				ENABLE_TESTABILITY = YES;
				GCC_C_LANGUAGE_STANDARD = gnu11;
				GCC_DYNAMIC_NO_PIC = NO;
				GCC_NO_COMMON_BLOCKS = YES;
				GCC_OPTIMIZATION_LEVEL = 0;
				GCC_PREPROCESSOR_DEFINITIONS = (
					"DEBUG=1",
					"$(inherited)",
				);
				GCC_WARN_64_TO_32_BIT_CONVERSION = YES;
				GCC_WARN_ABOUT_RETURN_TYPE = YES_ERROR;
				GCC_WARN_UNDECLARED_SELECTOR = YES;
				GCC_WARN_UNINITIALIZED_AUTOS = YES_AGGRESSIVE;
				GCC_WARN_UNUSED_FUNCTION = YES;
				GCC_WARN_UNUSED_VARIABLE = YES;
				IPHONEOS_DEPLOYMENT_TARGET = 11.4;
				MTL_ENABLE_DEBUG_INFO = YES;
				ONLY_ACTIVE_ARCH = YES;
				SDKROOT = iphoneos;
				SWIFT_ACTIVE_COMPILATION_CONDITIONS = DEBUG;
				SWIFT_OPTIMIZATION_LEVEL = "-Onone";
			};
			name = Debug;
		};
		CCA2476720DD01050007B0A1 /* Release */ = {
			isa = XCBuildConfiguration;
			buildSettings = {
				ALWAYS_SEARCH_USER_PATHS = NO;
				CLANG_ANALYZER_NONNULL = YES;
				CLANG_ANALYZER_NUMBER_OBJECT_CONVERSION = YES_AGGRESSIVE;
				CLANG_CXX_LANGUAGE_STANDARD = "gnu++14";
				CLANG_CXX_LIBRARY = "libc++";
				CLANG_ENABLE_MODULES = YES;
				CLANG_ENABLE_OBJC_ARC = YES;
				CLANG_ENABLE_OBJC_WEAK = YES;
				CLANG_WARN_BLOCK_CAPTURE_AUTORELEASING = YES;
				CLANG_WARN_BOOL_CONVERSION = YES;
				CLANG_WARN_COMMA = YES;
				CLANG_WARN_CONSTANT_CONVERSION = YES;
				CLANG_WARN_DEPRECATED_OBJC_IMPLEMENTATIONS = YES;
				CLANG_WARN_DIRECT_OBJC_ISA_USAGE = YES_ERROR;
				CLANG_WARN_DOCUMENTATION_COMMENTS = YES;
				CLANG_WARN_EMPTY_BODY = YES;
				CLANG_WARN_ENUM_CONVERSION = YES;
				CLANG_WARN_INFINITE_RECURSION = YES;
				CLANG_WARN_INT_CONVERSION = YES;
				CLANG_WARN_NON_LITERAL_NULL_CONVERSION = YES;
				CLANG_WARN_OBJC_IMPLICIT_RETAIN_SELF = YES;
				CLANG_WARN_OBJC_LITERAL_CONVERSION = YES;
				CLANG_WARN_OBJC_ROOT_CLASS = YES_ERROR;
				CLANG_WARN_RANGE_LOOP_ANALYSIS = YES;
				CLANG_WARN_STRICT_PROTOTYPES = YES;
				CLANG_WARN_SUSPICIOUS_MOVE = YES;
				CLANG_WARN_UNGUARDED_AVAILABILITY = YES_AGGRESSIVE;
				CLANG_WARN_UNREACHABLE_CODE = YES;
				CLANG_WARN__DUPLICATE_METHOD_MATCH = YES;
				CODE_SIGN_IDENTITY = "iPhone Developer";
				COPY_PHASE_STRIP = NO;
				DEBUG_INFORMATION_FORMAT = "dwarf-with-dsym";
				ENABLE_NS_ASSERTIONS = NO;
				ENABLE_STRICT_OBJC_MSGSEND = YES;
				GCC_C_LANGUAGE_STANDARD = gnu11;
				GCC_NO_COMMON_BLOCKS = YES;
				GCC_WARN_64_TO_32_BIT_CONVERSION = YES;
				GCC_WARN_ABOUT_RETURN_TYPE = YES_ERROR;
				GCC_WARN_UNDECLARED_SELECTOR = YES;
				GCC_WARN_UNINITIALIZED_AUTOS = YES_AGGRESSIVE;
				GCC_WARN_UNUSED_FUNCTION = YES;
				GCC_WARN_UNUSED_VARIABLE = YES;
				IPHONEOS_DEPLOYMENT_TARGET = 11.4;
				MTL_ENABLE_DEBUG_INFO = NO;
				SDKROOT = iphoneos;
				SWIFT_COMPILATION_MODE = wholemodule;
				SWIFT_OPTIMIZATION_LEVEL = "-O";
				VALIDATE_PRODUCT = YES;
			};
			name = Release;
		};
		CCA2476920DD01050007B0A1 /* Debug */ = {
			isa = XCBuildConfiguration;
			baseConfigurationReference = CBA80100EF05504A72449249 /* Pods-InstagramClone.debug.xcconfig */;
			buildSettings = {
				ASSETCATALOG_COMPILER_APPICON_NAME = AppIcon;
				CODE_SIGN_STYLE = Automatic;
				DEVELOPMENT_TEAM = DF28856VV6;
				INFOPLIST_FILE = InstagramClone/Info.plist;
				LD_RUNPATH_SEARCH_PATHS = (
					"$(inherited)",
					"@executable_path/Frameworks",
				);
				PRODUCT_BUNDLE_IDENTIFIER = com.magnusholm.InstagramClone;
				PRODUCT_NAME = "$(TARGET_NAME)";
				SWIFT_VERSION = 4.0;
				TARGETED_DEVICE_FAMILY = "1,2";
			};
			name = Debug;
		};
		CCA2476A20DD01050007B0A1 /* Release */ = {
			isa = XCBuildConfiguration;
			baseConfigurationReference = AC125711B01E90EE7D05DBCB /* Pods-InstagramClone.release.xcconfig */;
			buildSettings = {
				ASSETCATALOG_COMPILER_APPICON_NAME = AppIcon;
				CODE_SIGN_STYLE = Automatic;
				DEVELOPMENT_TEAM = DF28856VV6;
				INFOPLIST_FILE = InstagramClone/Info.plist;
				LD_RUNPATH_SEARCH_PATHS = (
					"$(inherited)",
					"@executable_path/Frameworks",
				);
				PRODUCT_BUNDLE_IDENTIFIER = com.magnusholm.InstagramClone;
				PRODUCT_NAME = "$(TARGET_NAME)";
				SWIFT_VERSION = 4.0;
				TARGETED_DEVICE_FAMILY = "1,2";
			};
			name = Release;
		};
		CCA2476C20DD01050007B0A1 /* Debug */ = {
			isa = XCBuildConfiguration;
			baseConfigurationReference = 1952D0EA7DA2F9D62AB530B3 /* Pods-InstagramCloneTests.debug.xcconfig */;
			buildSettings = {
				ALWAYS_EMBED_SWIFT_STANDARD_LIBRARIES = YES;
				BUNDLE_LOADER = "$(TEST_HOST)";
				CODE_SIGN_STYLE = Automatic;
				DEVELOPMENT_TEAM = DF28856VV6;
				INFOPLIST_FILE = InstagramCloneTests/Info.plist;
				LD_RUNPATH_SEARCH_PATHS = (
					"$(inherited)",
					"@executable_path/Frameworks",
					"@loader_path/Frameworks",
				);
				PRODUCT_BUNDLE_IDENTIFIER = com.magnusholm.InstagramCloneTests;
				PRODUCT_NAME = "$(TARGET_NAME)";
				SWIFT_VERSION = 4.0;
				TARGETED_DEVICE_FAMILY = "1,2";
				TEST_HOST = "$(BUILT_PRODUCTS_DIR)/InstagramClone.app/InstagramClone";
			};
			name = Debug;
		};
		CCA2476D20DD01050007B0A1 /* Release */ = {
			isa = XCBuildConfiguration;
			baseConfigurationReference = 91CCA2D612F08BA8AAF17832 /* Pods-InstagramCloneTests.release.xcconfig */;
			buildSettings = {
				ALWAYS_EMBED_SWIFT_STANDARD_LIBRARIES = YES;
				BUNDLE_LOADER = "$(TEST_HOST)";
				CODE_SIGN_STYLE = Automatic;
				DEVELOPMENT_TEAM = DF28856VV6;
				INFOPLIST_FILE = InstagramCloneTests/Info.plist;
				LD_RUNPATH_SEARCH_PATHS = (
					"$(inherited)",
					"@executable_path/Frameworks",
					"@loader_path/Frameworks",
				);
				PRODUCT_BUNDLE_IDENTIFIER = com.magnusholm.InstagramCloneTests;
				PRODUCT_NAME = "$(TARGET_NAME)";
				SWIFT_VERSION = 4.0;
				TARGETED_DEVICE_FAMILY = "1,2";
				TEST_HOST = "$(BUILT_PRODUCTS_DIR)/InstagramClone.app/InstagramClone";
			};
			name = Release;
		};
		CCA2476F20DD01050007B0A1 /* Debug */ = {
			isa = XCBuildConfiguration;
			baseConfigurationReference = 1C4D546604300C65692DFC91 /* Pods-InstagramCloneUITests.debug.xcconfig */;
			buildSettings = {
				ALWAYS_EMBED_SWIFT_STANDARD_LIBRARIES = YES;
				CODE_SIGN_STYLE = Automatic;
				DEVELOPMENT_TEAM = DF28856VV6;
				INFOPLIST_FILE = InstagramCloneUITests/Info.plist;
				LD_RUNPATH_SEARCH_PATHS = (
					"$(inherited)",
					"@executable_path/Frameworks",
					"@loader_path/Frameworks",
				);
				PRODUCT_BUNDLE_IDENTIFIER = com.magnusholm.InstagramCloneUITests;
				PRODUCT_NAME = "$(TARGET_NAME)";
				SWIFT_VERSION = 4.0;
				TARGETED_DEVICE_FAMILY = "1,2";
				TEST_TARGET_NAME = InstagramClone;
			};
			name = Debug;
		};
		CCA2477020DD01050007B0A1 /* Release */ = {
			isa = XCBuildConfiguration;
			baseConfigurationReference = 69B5DB813F259E7192CACD88 /* Pods-InstagramCloneUITests.release.xcconfig */;
			buildSettings = {
				ALWAYS_EMBED_SWIFT_STANDARD_LIBRARIES = YES;
				CODE_SIGN_STYLE = Automatic;
				DEVELOPMENT_TEAM = DF28856VV6;
				INFOPLIST_FILE = InstagramCloneUITests/Info.plist;
				LD_RUNPATH_SEARCH_PATHS = (
					"$(inherited)",
					"@executable_path/Frameworks",
					"@loader_path/Frameworks",
				);
				PRODUCT_BUNDLE_IDENTIFIER = com.magnusholm.InstagramCloneUITests;
				PRODUCT_NAME = "$(TARGET_NAME)";
				SWIFT_VERSION = 4.0;
				TARGETED_DEVICE_FAMILY = "1,2";
				TEST_TARGET_NAME = InstagramClone;
			};
			name = Release;
		};
/* End XCBuildConfiguration section */

/* Begin XCConfigurationList section */
		CCA2473B20DD01030007B0A1 /* Build configuration list for PBXProject "InstagramClone" */ = {
			isa = XCConfigurationList;
			buildConfigurations = (
				CCA2476620DD01050007B0A1 /* Debug */,
				CCA2476720DD01050007B0A1 /* Release */,
			);
			defaultConfigurationIsVisible = 0;
			defaultConfigurationName = Release;
		};
		CCA2476820DD01050007B0A1 /* Build configuration list for PBXNativeTarget "InstagramClone" */ = {
			isa = XCConfigurationList;
			buildConfigurations = (
				CCA2476920DD01050007B0A1 /* Debug */,
				CCA2476A20DD01050007B0A1 /* Release */,
			);
			defaultConfigurationIsVisible = 0;
			defaultConfigurationName = Release;
		};
		CCA2476B20DD01050007B0A1 /* Build configuration list for PBXNativeTarget "InstagramCloneTests" */ = {
			isa = XCConfigurationList;
			buildConfigurations = (
				CCA2476C20DD01050007B0A1 /* Debug */,
				CCA2476D20DD01050007B0A1 /* Release */,
			);
			defaultConfigurationIsVisible = 0;
			defaultConfigurationName = Release;
		};
		CCA2476E20DD01050007B0A1 /* Build configuration list for PBXNativeTarget "InstagramCloneUITests" */ = {
			isa = XCConfigurationList;
			buildConfigurations = (
				CCA2476F20DD01050007B0A1 /* Debug */,
				CCA2477020DD01050007B0A1 /* Release */,
			);
			defaultConfigurationIsVisible = 0;
			defaultConfigurationName = Release;
		};
/* End XCConfigurationList section */
	};
	rootObject = CCA2473820DD01030007B0A1 /* Project object */;
}
